
Microsoft Visual Studio Solution File, Format Version 12.00
# Visual Studio Version 17
VisualStudioVersion = 17.8.34525.116
MinimumVisualStudioVersion = 10.0.40219.1
Project("{9A19103F-16F7-4668-BE54-9A1E7A4F7556}") = "MainUnit", "MainUnit\MainUnit.csproj", "{2EED0E7C-5E66-41A2-9536-58FFC2333BFB}"
EndProject
Project("{9A19103F-16F7-4668-BE54-9A1E7A4F7556}") = "Thermostat", "Thermostat\Thermostat.csproj", "{56F24B80-A613-4CBC-B3A9-0970670B89C6}"
EndProject
Global
	GlobalSection(SolutionConfigurationPlatforms) = preSolution
		Debug|Any CPU = Debug|Any CPU
		Release|Any CPU = Release|Any CPU
	EndGlobalSection
	GlobalSection(ProjectConfigurationPlatforms) = postSolution
		{2EED0E7C-5E66-41A2-9536-58FFC2333BFB}.Debug|Any CPU.ActiveCfg = Debug|Any CPU
		{2EED0E7C-5E66-41A2-9536-58FFC2333BFB}.Debug|Any CPU.Build.0 = Debug|Any CPU
		{2EED0E7C-5E66-41A2-9536-58FFC2333BFB}.Release|Any CPU.ActiveCfg = Release|Any CPU
		{2EED0E7C-5E66-41A2-9536-58FFC2333BFB}.Release|Any CPU.Build.0 = Release|Any CPU
		{56F24B80-A613-4CBC-B3A9-0970670B89C6}.Debug|Any CPU.ActiveCfg = Debug|Any CPU
		{56F24B80-A613-4CBC-B3A9-0970670B89C6}.Debug|Any CPU.Build.0 = Debug|Any CPU
		{56F24B80-A613-4CBC-B3A9-0970670B89C6}.Release|Any CPU.ActiveCfg = Release|Any CPU
		{56F24B80-A613-4CBC-B3A9-0970670B89C6}.Release|Any CPU.Build.0 = Release|Any CPU
	EndGlobalSection
	GlobalSection(SolutionProperties) = preSolution
		HideSolutionNode = FALSE
	EndGlobalSection
	GlobalSection(ExtensibilityGlobals) = postSolution
		SolutionGuid = {8D15B4EB-08AC-44CE-BC56-089ABFB7C186}
	EndGlobalSection
EndGlobal
